
Microsoft Visual Studio Solution File, Format Version 12.00
# Visual Studio Version 16
VisualStudioVersion = 16.0.30114.105
MinimumVisualStudioVersion = 10.0.40219.1
Project("{FAE04EC0-301F-11D3-BF4B-00C04F79EFBC}") = "rssv_lv1", "rssv_lv1\rssv_lv1.csproj", "{8132C4AE-5B24-47D7-96DF-1383333C5731}"
EndProject
Project("{FAE04EC0-301F-11D3-BF4B-00C04F79EFBC}") = "rssv_lv1_2", "rssv_lv1_2\rssv_lv1_2.csproj", "{3C678137-7911-4E23-96FF-B019D5727A3E}"
EndProject
Global
	GlobalSection(SolutionConfigurationPlatforms) = preSolution
		Debug|Any CPU = Debug|Any CPU
		Release|Any CPU = Release|Any CPU
	EndGlobalSection
	GlobalSection(ProjectConfigurationPlatforms) = postSolution
		{8132C4AE-5B24-47D7-96DF-1383333C5731}.Debug|Any CPU.ActiveCfg = Debug|Any CPU
		{8132C4AE-5B24-47D7-96DF-1383333C5731}.Debug|Any CPU.Build.0 = Debug|Any CPU
		{8132C4AE-5B24-47D7-96DF-1383333C5731}.Release|Any CPU.ActiveCfg = Release|Any CPU
		{8132C4AE-5B24-47D7-96DF-1383333C5731}.Release|Any CPU.Build.0 = Release|Any CPU
		{3C678137-7911-4E23-96FF-B019D5727A3E}.Debug|Any CPU.ActiveCfg = Debug|Any CPU
		{3C678137-7911-4E23-96FF-B019D5727A3E}.Debug|Any CPU.Build.0 = Debug|Any CPU
		{3C678137-7911-4E23-96FF-B019D5727A3E}.Release|Any CPU.ActiveCfg = Release|Any CPU
		{3C678137-7911-4E23-96FF-B019D5727A3E}.Release|Any CPU.Build.0 = Release|Any CPU
	EndGlobalSection
	GlobalSection(SolutionProperties) = preSolution
		HideSolutionNode = FALSE
	EndGlobalSection
	GlobalSection(ExtensibilityGlobals) = postSolution
		SolutionGuid = {CA2405C4-BF0C-4BFC-8C4D-ABF92C1466ED}
	EndGlobalSection
EndGlobal
